
Microsoft Visual Studio Solution File, Format Version 12.00
# Visual Studio 14
VisualStudioVersion = 14.0.24720.0
MinimumVisualStudioVersion = 10.0.40219.1
Project("{FAE04EC0-301F-11D3-BF4B-00C04F79EFBC}") = "ProSymbolEditor", "ProSymbolEditor\ProSymbolEditor.csproj", "{4FF462B0-2910-47F3-B6FD-D1D17E5F7DFC}"
EndProject
Project("{FAE04EC0-301F-11D3-BF4B-00C04F79EFBC}") = "SymbolEditorUnitTests", "SymbolEditorUnitTests\SymbolEditorUnitTests.csproj", "{CC20F47D-D223-47B2-8D44-455951753918}"
EndProject
Global
	GlobalSection(SolutionConfigurationPlatforms) = preSolution
		Debug|Any CPU = Debug|Any CPU
		Release|Any CPU = Release|Any CPU
	EndGlobalSection
	GlobalSection(ProjectConfigurationPlatforms) = postSolution
		{4FF462B0-2910-47F3-B6FD-D1D17E5F7DFC}.Debug|Any CPU.ActiveCfg = Debug|Any CPU
		{4FF462B0-2910-47F3-B6FD-D1D17E5F7DFC}.Debug|Any CPU.Build.0 = Debug|Any CPU
		{4FF462B0-2910-47F3-B6FD-D1D17E5F7DFC}.Release|Any CPU.ActiveCfg = Release|Any CPU
		{4FF462B0-2910-47F3-B6FD-D1D17E5F7DFC}.Release|Any CPU.Build.0 = Release|Any CPU
		{CC20F47D-D223-47B2-8D44-455951753918}.Debug|Any CPU.ActiveCfg = Debug|Any CPU
		{CC20F47D-D223-47B2-8D44-455951753918}.Debug|Any CPU.Build.0 = Debug|Any CPU
		{CC20F47D-D223-47B2-8D44-455951753918}.Release|Any CPU.ActiveCfg = Release|Any CPU
		{CC20F47D-D223-47B2-8D44-455951753918}.Release|Any CPU.Build.0 = Release|Any CPU
	EndGlobalSection
	GlobalSection(SolutionProperties) = preSolution
		HideSolutionNode = FALSE
	EndGlobalSection
EndGlobal
